
Microsoft Visual Studio Solution File, Format Version 12.00
# Visual Studio 15
VisualStudioVersion = 15.0.28307.1062
MinimumVisualStudioVersion = 10.0.40219.1
Project("{FAE04EC0-301F-11D3-BF4B-00C04F79EFBC}") = "Ex03.GarageLogic", "Ex03.GarageLogic\Ex03.GarageLogic.csproj", "{2588C9A9-6779-4E27-86A9-FD8B99335A4A}"
EndProject
Project("{FAE04EC0-301F-11D3-BF4B-00C04F79EFBC}") = "Ex03.ConsoleUI", "Ex03.ConsoleUI\Ex03.ConsoleUI.csproj", "{4ADBFB5B-CCFA-4D34-8724-ADBD2723328E}"
EndProject
Project("{2150E333-8FDC-42A3-9474-1A3956D46DE8}") = "Solution Items", "Solution Items", "{5DB02DC3-BFE6-4F07-A9BB-828C7890A9AD}"
	ProjectSection(SolutionItems) = preProject
		..\Details.txt = ..\Details.txt
	EndProjectSection
EndProject
Global
	GlobalSection(SolutionConfigurationPlatforms) = preSolution
		Debug|Any CPU = Debug|Any CPU
		Release|Any CPU = Release|Any CPU
	EndGlobalSection
	GlobalSection(ProjectConfigurationPlatforms) = postSolution
		{2588C9A9-6779-4E27-86A9-FD8B99335A4A}.Debug|Any CPU.ActiveCfg = Debug|Any CPU
		{2588C9A9-6779-4E27-86A9-FD8B99335A4A}.Debug|Any CPU.Build.0 = Debug|Any CPU
		{2588C9A9-6779-4E27-86A9-FD8B99335A4A}.Release|Any CPU.ActiveCfg = Release|Any CPU
		{2588C9A9-6779-4E27-86A9-FD8B99335A4A}.Release|Any CPU.Build.0 = Release|Any CPU
		{4ADBFB5B-CCFA-4D34-8724-ADBD2723328E}.Debug|Any CPU.ActiveCfg = Debug|Any CPU
		{4ADBFB5B-CCFA-4D34-8724-ADBD2723328E}.Debug|Any CPU.Build.0 = Debug|Any CPU
		{4ADBFB5B-CCFA-4D34-8724-ADBD2723328E}.Release|Any CPU.ActiveCfg = Release|Any CPU
		{4ADBFB5B-CCFA-4D34-8724-ADBD2723328E}.Release|Any CPU.Build.0 = Release|Any CPU
	EndGlobalSection
	GlobalSection(SolutionProperties) = preSolution
		HideSolutionNode = FALSE
	EndGlobalSection
	GlobalSection(ExtensibilityGlobals) = postSolution
		SolutionGuid = {9838DF65-D3D5-4DAB-B0CC-2B16ABF00AFA}
	EndGlobalSection
EndGlobal
